
Microsoft Visual Studio Solution File, Format Version 12.00
# Visual Studio Version 16
VisualStudioVersion = 16.0.31702.278
MinimumVisualStudioVersion = 10.0.40219.1
Project("{FAE04EC0-301F-11D3-BF4B-00C04F79EFBC}") = "WpfApp1", "WpfApp1\WpfApp1.csproj", "{9238EBF9-EE63-4E9C-8D7B-19731540E2CD}"
EndProject
Global
	GlobalSection(SolutionConfigurationPlatforms) = preSolution
		Debug|Any CPU = Debug|Any CPU
		Release|Any CPU = Release|Any CPU
	EndGlobalSection
	GlobalSection(ProjectConfigurationPlatforms) = postSolution
		{9238EBF9-EE63-4E9C-8D7B-19731540E2CD}.Debug|Any CPU.ActiveCfg = Debug|Any CPU
		{9238EBF9-EE63-4E9C-8D7B-19731540E2CD}.Debug|Any CPU.Build.0 = Debug|Any CPU
		{9238EBF9-EE63-4E9C-8D7B-19731540E2CD}.Release|Any CPU.ActiveCfg = Release|Any CPU
		{9238EBF9-EE63-4E9C-8D7B-19731540E2CD}.Release|Any CPU.Build.0 = Release|Any CPU
	EndGlobalSection
	GlobalSection(SolutionProperties) = preSolution
		HideSolutionNode = FALSE
	EndGlobalSection
	GlobalSection(ExtensibilityGlobals) = postSolution
		SolutionGuid = {7B5E0AD2-D281-4663-849D-0DB0CA453243}
	EndGlobalSection
EndGlobal
